github.com/pritam-acquia/pbkdf2 v1.0.2 h1:jT+CkFt8FvmGhyi3lGn9RsAPFw3VeaP5eRLxWssvdI0=
github.com/pritam-acquia/pbkdf2 v1.0.2/go.mod h1:Z2S9N9f0U65nVFkpXgOyJJA3I8cBdi8ANcjmroaXdAw=
github.com/pritam-acquia/stringprep v1.0.3 h1:SVXbyETL25+OTWNGr9j8zIPMPJrMw0VRbNcpTKiAeDI=
github.com/pritam-acquia/stringprep v1.0.3/go.mod h1:kGJ+goQqYDUvh9WjVOCSZBmCttXDxsvavBAUnsoVkj4=
golang.org/x/text v0.22.0 h1:bofq7m3/HAFvbF51jz3Q9wLg3jkvSPuiZu/pD1XwgtM=
golang.org/x/text v0.22.0/go.mod h1:YRoo4H8PVmsu+E3Ou7cqLVH8oXWIHVoX0jqUWALQhfY=
